{
  "version": 4,
  "terraform_version": "0.12.5",
  "serial": 41,
  "lineage": "c1b9aa44-30f4-bd02-2269-a04da3871ea2",
  "outputs": {},
  "resources": [
    {
      "mode": "managed",
      "type": "google_storage_bucket",
      "name": "bucket",
      "each": "list",
      "provider": "provider.google",
      "instances": [
        {
          "index_key": 0,
          "schema_version": 0,
          "attributes": {
            "bucket_policy_only": false,
            "cors": [],
            "default_event_based_hold": false,
            "encryption": [],
            "force_destroy": false,
            "id": "bucket-1-udemy-terraform",
            "labels": {
              "location": "us-east1",
              "name": "bucket-1-udemy-terraform"
            },
            "lifecycle_rule": [],
            "location": "US-EAST1",
            "logging": [],
            "name": "bucket-1-udemy-terraform",
            "project": "udemy-288022",
            "requester_pays": false,
            "retention_policy": [],
            "self_link": "https://www.googleapis.com/storage/v1/b/bucket-1-udemy-terraform",
            "storage_class": "REGIONAL",
            "uniform_bucket_level_access": false,
            "url": "gs://bucket-1-udemy-terraform",
            "versioning": [
              {
                "enabled": true
              }
            ],
            "website": []
          },
          "private": "bnVsbA=="
        }
      ]
    }
  ]
}
